{
  "requires": true,
  "lockfileVersion": 1,
  "dependencies": {
    "bootstrap-touchspin": {
      "version": "3.1.1",
      "resolved": "https://registry.npmjs.org/bootstrap-touchspin/-/bootstrap-touchspin-3.1.1.tgz",
      "integrity": "sha1-l3nerHKq9Xfl52K4USx0fIcdlZc=",
      "dev": true
    }
  }
}
